
Microsoft Visual Studio Solution File, Format Version 12.00
# Visual Studio Version 17
VisualStudioVersion = 17.2.32526.322
MinimumVisualStudioVersion = 10.0.40219.1
Project("{FAE04EC0-301F-11D3-BF4B-00C04F79EFBC}") = "psycotherapist", "psycotherapist.csproj", "{DD908062-427B-4AF2-A535-EAF8363BBDA3}"
EndProject
Project("{FAE04EC0-301F-11D3-BF4B-00C04F79EFBC}") = "Model", "..\Model\Model.csproj", "{EA3C1BA1-0CD9-4ABD-B51F-989A3D455F95}"
EndProject
Global
	GlobalSection(SolutionConfigurationPlatforms) = preSolution
		Debug|Any CPU = Debug|Any CPU
		Release|Any CPU = Release|Any CPU
	EndGlobalSection
	GlobalSection(ProjectConfigurationPlatforms) = postSolution
		{DD908062-427B-4AF2-A535-EAF8363BBDA3}.Debug|Any CPU.ActiveCfg = Debug|Any CPU
		{DD908062-427B-4AF2-A535-EAF8363BBDA3}.Debug|Any CPU.Build.0 = Debug|Any CPU
		{DD908062-427B-4AF2-A535-EAF8363BBDA3}.Release|Any CPU.ActiveCfg = Release|Any CPU
		{DD908062-427B-4AF2-A535-EAF8363BBDA3}.Release|Any CPU.Build.0 = Release|Any CPU
		{EA3C1BA1-0CD9-4ABD-B51F-989A3D455F95}.Debug|Any CPU.ActiveCfg = Debug|Any CPU
		{EA3C1BA1-0CD9-4ABD-B51F-989A3D455F95}.Debug|Any CPU.Build.0 = Debug|Any CPU
		{EA3C1BA1-0CD9-4ABD-B51F-989A3D455F95}.Release|Any CPU.ActiveCfg = Release|Any CPU
		{EA3C1BA1-0CD9-4ABD-B51F-989A3D455F95}.Release|Any CPU.Build.0 = Release|Any CPU
	EndGlobalSection
	GlobalSection(SolutionProperties) = preSolution
		HideSolutionNode = FALSE
	EndGlobalSection
	GlobalSection(ExtensibilityGlobals) = postSolution
		SolutionGuid = {D6013A5B-2D41-4DEB-9385-35EA8333D90C}
	EndGlobalSection
EndGlobal
